// !$*UTF8*$!
{
	archiveVersion = 1;
	classes = {
	};
	objectVersion = 46;
	objects = {

/* Begin PBXBuildFile section */
		BD1419271D148B4B00F260B0 /* AppDelegate.swift in Sources */ = {isa = PBXBuildFile; fileRef = BD1419261D148B4B00F260B0 /* AppDelegate.swift */; };
		BD1419291D148B4B00F260B0 /* ViewController.swift in Sources */ = {isa = PBXBuildFile; fileRef = BD1419281D148B4B00F260B0 /* ViewController.swift */; };
		BD14192C1D148B4B00F260B0 /* Main.storyboard in Resources */ = {isa = PBXBuildFile; fileRef = BD14192A1D148B4B00F260B0 /* Main.storyboard */; };
		BD14192E1D148B4B00F260B0 /* Assets.xcassets in Resources */ = {isa = PBXBuildFile; fileRef = BD14192D1D148B4B00F260B0 /* Assets.xcassets */; };
		BD1419311D148B4B00F260B0 /* LaunchScreen.storyboard in Resources */ = {isa = PBXBuildFile; fileRef = BD14192F1D148B4B00F260B0 /* LaunchScreen.storyboard */; };
		BDFEC91B1D14A1E500E69183 /* aboutVC.swift in Sources */ = {isa = PBXBuildFile; fileRef = BDFEC91A1D14A1E500E69183 /* aboutVC.swift */; };
		BDFEC91D1D14A1F200E69183 /* photoVC.swift in Sources */ = {isa = PBXBuildFile; fileRef = BDFEC91C1D14A1F200E69183 /* photoVC.swift */; };
/* End PBXBuildFile section */

/* Begin PBXFileReference section */
		BD1419231D148B4B00F260B0 /* mycountryexe.temp_caseinsensitive_rename.app */ = {isa = PBXFileReference; explicitFileType = wrapper.application; includeInIndex = 0; path = mycountryexe.temp_caseinsensitive_rename.app; sourceTree = BUILT_PRODUCTS_DIR; };
		BD1419261D148B4B00F260B0 /* AppDelegate.swift */ = {isa = PBXFileReference; lastKnownFileType = sourcecode.swift; path = AppDelegate.swift; sourceTree = "<group>"; };
		BD1419281D148B4B00F260B0 /* ViewController.swift */ = {isa = PBXFileReference; lastKnownFileType = sourcecode.swift; path = ViewController.swift; sourceTree = "<group>"; };
		BD14192B1D148B4B00F260B0 /* Base */ = {isa = PBXFileReference; lastKnownFileType = file.storyboard; name = Base; path = Base.lproj/Main.storyboard; sourceTree = "<group>"; };
		BD14192D1D148B4B00F260B0 /* Assets.xcassets */ = {isa = PBXFileReference; lastKnownFileType = folder.assetcatalog; path = Assets.xcassets; sourceTree = "<group>"; };
		BD1419301D148B4B00F260B0 /* Base */ = {isa = PBXFileReference; lastKnownFileType = file.storyboard; name = Base; path = Base.lproj/LaunchScreen.storyboard; sourceTree = "<group>"; };
		BD1419321D148B4B00F260B0 /* Info.plist */ = {isa = PBXFileReference; lastKnownFileType = text.plist.xml; path = Info.plist; sourceTree = "<group>"; };
		BDFEC91A1D14A1E500E69183 /* aboutVC.swift */ = {isa = PBXFileReference; fileEncoding = 4; lastKnownFileType = sourcecode.swift; path = aboutVC.swift; sourceTree = "<group>"; };
		BDFEC91C1D14A1F200E69183 /* photoVC.swift */ = {isa = PBXFileReference; fileEncoding = 4; lastKnownFileType = sourcecode.swift; path = photoVC.swift; sourceTree = "<group>"; };
/* End PBXFileReference section */

/* Begin PBXFrameworksBuildPhase section */
		BD1419201D148B4B00F260B0 /* Frameworks */ = {
			isa = PBXFrameworksBuildPhase;
			buildActionMask = 2147483647;
			files = (
			);
			runOnlyForDeploymentPostprocessing = 0;
		};
/* End PBXFrameworksBuildPhase section */

/* Begin PBXGroup section */
		BD14191A1D148B4B00F260B0 = {
			isa = PBXGroup;
			children = (
				BD1419251D148B4B00F260B0 /* mycountryexe */,
				BD1419241D148B4B00F260B0 /* Products */,
			);
			sourceTree = "<group>";
		};
		BD1419241D148B4B00F260B0 /* Products */ = {
			isa = PBXGroup;
			children = (
				BD1419231D148B4B00F260B0 /* mycountryexe.temp_caseinsensitive_rename.app */,
			);
			name = Products;
			sourceTree = "<group>";
		};
		BD1419251D148B4B00F260B0 /* mycountryexe */ = {
			isa = PBXGroup;
			children = (
				BD1419261D148B4B00F260B0 /* AppDelegate.swift */,
				BD1419281D148B4B00F260B0 /* ViewController.swift */,
				BD14192A1D148B4B00F260B0 /* Main.storyboard */,
				BD14192D1D148B4B00F260B0 /* Assets.xcassets */,
				BD14192F1D148B4B00F260B0 /* LaunchScreen.storyboard */,
				BD1419321D148B4B00F260B0 /* Info.plist */,
				BDFEC91A1D14A1E500E69183 /* aboutVC.swift */,
				BDFEC91C1D14A1F200E69183 /* photoVC.swift */,
			);
			path = mycountryexe;
			sourceTree = "<group>";
		};
/* End PBXGroup section */

/* Begin PBXNativeTarget section */
		BD1419221D148B4B00F260B0 /* mycountryexe */ = {
			isa = PBXNativeTarget;
			buildConfigurationList = BD1419351D148B4B00F260B0 /* Build configuration list for PBXNativeTarget "mycountryexe" */;
			buildPhases = (
				BD14191F1D148B4B00F260B0 /* Sources */,
				BD1419201D148B4B00F260B0 /* Frameworks */,
				BD1419211D148B4B00F260B0 /* Resources */,
			);
			buildRules = (
			);
			dependencies = (
			);
			name = mycountryexe;
			productName = mycountryexe;
			productReference = BD1419231D148B4B00F260B0 /* mycountryexe.temp_caseinsensitive_rename.app */;
			productType = "com.apple.product-type.application";
		};
/* End PBXNativeTarget section */

/* Begin PBXProject section */
		BD14191B1D148B4B00F260B0 /* Project object */ = {
			isa = PBXProject;
			attributes = {
				LastSwiftUpdateCheck = 0720;
				LastUpgradeCheck = 0720;
				ORGANIZATIONNAME = htainmyoaung;
				TargetAttributes = {
					BD1419221D148B4B00F260B0 = {
						CreatedOnToolsVersion = 7.2.1;
					};
				};
			};
			buildConfigurationList = BD14191E1D148B4B00F260B0 /* Build configuration list for PBXProject "mycountryexe" */;
			compatibilityVersion = "Xcode 3.2";
			developmentRegion = English;
			hasScannedForEncodings = 0;
			knownRegions = (
				en,
				Base,
			);
			mainGroup = BD14191A1D148B4B00F260B0;
			productRefGroup = BD1419241D148B4B00F260B0 /* Products */;
			projectDirPath = "";
			projectRoot = "";
			targets = (
				BD1419221D148B4B00F260B0 /* mycountryexe */,
			);
		};
/* End PBXProject section */

/* Begin PBXResourcesBuildPhase section */
		BD1419211D148B4B00F260B0 /* Resources */ = {
			isa = PBXResourcesBuildPhase;
			buildActionMask = 2147483647;
			files = (
				BD1419311D148B4B00F260B0 /* LaunchScreen.storyboard in Resources */,
				BD14192E1D148B4B00F260B0 /* Assets.xcassets in Resources */,
				BD14192C1D148B4B00F260B0 /* Main.storyboard in Resources */,
			);
			runOnlyForDeploymentPostprocessing = 0;
		};
/* End PBXResourcesBuildPhase section */

/* Begin PBXSourcesBuildPhase section */
		BD14191F1D148B4B00F260B0 /* Sources */ = {
			isa = PBXSourcesBuildPhase;
			buildActionMask = 2147483647;
			files = (
				BD1419291D148B4B00F260B0 /* ViewController.swift in Sources */,
				BDFEC91B1D14A1E500E69183 /* aboutVC.swift in Sources */,
				BD1419271D148B4B00F260B0 /* AppDelegate.swift in Sources */,
				BDFEC91D1D14A1F200E69183 /* photoVC.swift in Sources */,
			);
			runOnlyForDeploymentPostprocessing = 0;
		};
/* End PBXSourcesBuildPhase section */

/* Begin PBXVariantGroup section */
		BD14192A1D148B4B00F260B0 /* Main.storyboard */ = {
			isa = PBXVariantGroup;
			children = (
				BD14192B1D148B4B00F260B0 /* Base */,
			);
			name = Main.storyboard;
			sourceTree = "<group>";
		};
		BD14192F1D148B4B00F260B0 /* LaunchScreen.storyboard */ = {
			isa = PBXVariantGroup;
			children = (
				BD1419301D148B4B00F260B0 /* Base */,
			);
			name = LaunchScreen.storyboard;
			sourceTree = "<group>";
		};
/* End PBXVariantGroup section */

/* Begin XCBuildConfiguration section */
		BD1419331D148B4B00F260B0 /* Debug */ = {
			isa = XCBuildConfiguration;
			buildSettings = {
				ALWAYS_SEARCH_USER_PATHS = NO;
				CLANG_CXX_LANGUAGE_STANDARD = "gnu++0x";
				CLANG_CXX_LIBRARY = "libc++";
				CLANG_ENABLE_MODULES = YES;
				CLANG_ENABLE_OBJC_ARC = YES;
				CLANG_WARN_BOOL_CONVERSION = YES;
				CLANG_WARN_CONSTANT_CONVERSION = YES;
				CLANG_WARN_DIRECT_OBJC_ISA_USAGE = YES_ERROR;
				CLANG_WARN_EMPTY_BODY = YES;
				CLANG_WARN_ENUM_CONVERSION = YES;
				CLANG_WARN_INT_CONVERSION = YES;
				CLANG_WARN_OBJC_ROOT_CLASS = YES_ERROR;
				CLANG_WARN_UNREACHABLE_CODE = YES;
				CLANG_WARN__DUPLICATE_METHOD_MATCH = YES;
				"CODE_SIGN_IDENTITY[sdk=iphoneos*]" = "iPhone Developer";
				COPY_PHASE_STRIP = NO;
				DEBUG_INFORMATION_FORMAT = dwarf;
				ENABLE_STRICT_OBJC_MSGSEND = YES;
				ENABLE_TESTABILITY = YES;
				GCC_C_LANGUAGE_STANDARD = gnu99;
				GCC_DYNAMIC_NO_PIC = NO;
				GCC_NO_COMMON_BLOCKS = YES;
				GCC_OPTIMIZATION_LEVEL = 0;
				GCC_PREPROCESSOR_DEFINITIONS = (
					"DEBUG=1",
					"$(inherited)",
				);
				GCC_WARN_64_TO_32_BIT_CONVERSION = YES;
				GCC_WARN_ABOUT_RETURN_TYPE = YES_ERROR;
				GCC_WARN_UNDECLARED_SELECTOR = YES;
				GCC_WARN_UNINITIALIZED_AUTOS = YES_AGGRESSIVE;
				GCC_WARN_UNUSED_FUNCTION = YES;
				GCC_WARN_UNUSED_VARIABLE = YES;
				IPHONEOS_DEPLOYMENT_TARGET = 9.2;
				MTL_ENABLE_DEBUG_INFO = YES;
				ONLY_ACTIVE_ARCH = YES;
				SDKROOT = iphoneos;
				SWIFT_OPTIMIZATION_LEVEL = "-Onone";
				TARGETED_DEVICE_FAMILY = "1,2";
			};
			name = Debug;
		};
		BD1419341D148B4B00F260B0 /* Release */ = {
			isa = XCBuildConfiguration;
			buildSettings = {
				ALWAYS_SEARCH_USER_PATHS = NO;
				CLANG_CXX_LANGUAGE_STANDARD = "gnu++0x";
				CLANG_CXX_LIBRARY = "libc++";
				CLANG_ENABLE_MODULES = YES;
				CLANG_ENABLE_OBJC_ARC = YES;
				CLANG_WARN_BOOL_CONVERSION = YES;
				CLANG_WARN_CONSTANT_CONVERSION = YES;
				CLANG_WARN_DIRECT_OBJC_ISA_USAGE = YES_ERROR;
				CLANG_WARN_EMPTY_BODY = YES;
				CLANG_WARN_ENUM_CONVERSION = YES;
				CLANG_WARN_INT_CONVERSION = YES;
				CLANG_WARN_OBJC_ROOT_CLASS = YES_ERROR;
				CLANG_WARN_UNREACHABLE_CODE = YES;
				CLANG_WARN__DUPLICATE_METHOD_MATCH = YES;
				"CODE_SIGN_IDENTITY[sdk=iphoneos*]" = "iPhone Developer";
				COPY_PHASE_STRIP = NO;
				DEBUG_INFORMATION_FORMAT = "dwarf-with-dsym";
				ENABLE_NS_ASSERTIONS = NO;
				ENABLE_STRICT_OBJC_MSGSEND = YES;
				GCC_C_LANGUAGE_STANDARD = gnu99;
				GCC_NO_COMMON_BLOCKS = YES;
				GCC_WARN_64_TO_32_BIT_CONVERSION = YES;
				GCC_WARN_ABOUT_RETURN_TYPE = YES_ERROR;
				GCC_WARN_UNDECLARED_SELECTOR = YES;
				GCC_WARN_UNINITIALIZED_AUTOS = YES_AGGRESSIVE;
				GCC_WARN_UNUSED_FUNCTION = YES;
				GCC_WARN_UNUSED_VARIABLE = YES;
				IPHONEOS_DEPLOYMENT_TARGET = 9.2;
				MTL_ENABLE_DEBUG_INFO = NO;
				SDKROOT = iphoneos;
				TARGETED_DEVICE_FAMILY = "1,2";
				VALIDATE_PRODUCT = YES;
			};
			name = Release;
		};
		BD1419361D148B4B00F260B0 /* Debug */ = {
			isa = XCBuildConfiguration;
			buildSettings = {
				ASSETCATALOG_COMPILER_APPICON_NAME = AppIcon;
				INFOPLIST_FILE = mycountryexe/Info.plist;
				LD_RUNPATH_SEARCH_PATHS = "$(inherited) @executable_path/Frameworks";
				PRODUCT_BUNDLE_IDENTIFIER = com.htainmyoaung.mycountryexe;
				PRODUCT_NAME = mycountryexe.temp_caseinsensitive_rename;
			};
			name = Debug;
		};
		BD1419371D148B4B00F260B0 /* Release */ = {
			isa = XCBuildConfiguration;
			buildSettings = {
				ASSETCATALOG_COMPILER_APPICON_NAME = AppIcon;
				INFOPLIST_FILE = mycountryexe/Info.plist;
				LD_RUNPATH_SEARCH_PATHS = "$(inherited) @executable_path/Frameworks";
				PRODUCT_BUNDLE_IDENTIFIER = com.htainmyoaung.mycountryexe;
				PRODUCT_NAME = mycountryexe.temp_caseinsensitive_rename;
			};
			name = Release;
		};
/* End XCBuildConfiguration section */

/* Begin XCConfigurationList section */
		BD14191E1D148B4B00F260B0 /* Build configuration list for PBXProject "mycountryexe" */ = {
			isa = XCConfigurationList;
			buildConfigurations = (
				BD1419331D148B4B00F260B0 /* Debug */,
				BD1419341D148B4B00F260B0 /* Release */,
			);
			defaultConfigurationIsVisible = 0;
			defaultConfigurationName = Release;
		};
		BD1419351D148B4B00F260B0 /* Build configuration list for PBXNativeTarget "mycountryexe" */ = {
			isa = XCConfigurationList;
			buildConfigurations = (
				BD1419361D148B4B00F260B0 /* Debug */,
				BD1419371D148B4B00F260B0 /* Release */,
			);
			defaultConfigurationIsVisible = 0;
			defaultConfigurationName = Release;
		};
/* End XCConfigurationList section */
	};
	rootObject = BD14191B1D148B4B00F260B0 /* Project object */;
}
